// !$*UTF8*$!
{
	archiveVersion = 1;
	classes = {
	};
	objectVersion = 46;
	objects = {

/* Begin PBXBuildFile section */
		8445A2971ACE8D7000FF481C /* NetworkManager.swift in Sources */ = {isa = PBXBuildFile; fileRef = 8445A2961ACE8D7000FF481C /* NetworkManager.swift */; };
		8445A2991ACE9A4500FF481C /* CoreLocation.framework in Frameworks */ = {isa = PBXBuildFile; fileRef = 8445A2981ACE9A4500FF481C /* CoreLocation.framework */; };
		8445A29B1ACE9A4C00FF481C /* MapKit.framework in Frameworks */ = {isa = PBXBuildFile; fileRef = 8445A29A1ACE9A4C00FF481C /* MapKit.framework */; };
		8445A29F1ACE9CDA00FF481C /* BMSConstant.swift in Sources */ = {isa = PBXBuildFile; fileRef = 8445A29E1ACE9CDA00FF481C /* BMSConstant.swift */; };
		8445A2A11ACEBCDF00FF481C /* Place.swift in Sources */ = {isa = PBXBuildFile; fileRef = 8445A2A01ACEBCDF00FF481C /* Place.swift */; };
		848AC6D01ACE694500054FA3 /* AppDelegate.swift in Sources */ = {isa = PBXBuildFile; fileRef = 848AC6CF1ACE694500054FA3 /* AppDelegate.swift */; };
		848AC6D31ACE694500054FA3 /* BMSLocationFinder.xcdatamodeld in Sources */ = {isa = PBXBuildFile; fileRef = 848AC6D11ACE694500054FA3 /* BMSLocationFinder.xcdatamodeld */; };
		848AC6D51ACE694500054FA3 /* ViewController.swift in Sources */ = {isa = PBXBuildFile; fileRef = 848AC6D41ACE694500054FA3 /* ViewController.swift */; };
		848AC6D81ACE694500054FA3 /* Main.storyboard in Resources */ = {isa = PBXBuildFile; fileRef = 848AC6D61ACE694500054FA3 /* Main.storyboard */; };
		848AC6DA1ACE694500054FA3 /* Images.xcassets in Resources */ = {isa = PBXBuildFile; fileRef = 848AC6D91ACE694500054FA3 /* Images.xcassets */; };
		848AC6DD1ACE694500054FA3 /* LaunchScreen.xib in Resources */ = {isa = PBXBuildFile; fileRef = 848AC6DB1ACE694500054FA3 /* LaunchScreen.xib */; };
		848AC6E91ACE694500054FA3 /* BMSLocationFinderTests.swift in Sources */ = {isa = PBXBuildFile; fileRef = 848AC6E81ACE694500054FA3 /* BMSLocationFinderTests.swift */; };
		848AC6F31ACE6DE300054FA3 /* BMSListViewController.swift in Sources */ = {isa = PBXBuildFile; fileRef = 848AC6F21ACE6DE300054FA3 /* BMSListViewController.swift */; };
		848AC6F51ACE6DFF00054FA3 /* BMSDetailViewController.swift in Sources */ = {isa = PBXBuildFile; fileRef = 848AC6F41ACE6DFF00054FA3 /* BMSDetailViewController.swift */; };
		848AC6FF1ACE729900054FA3 /* ENSideMenu.swift in Sources */ = {isa = PBXBuildFile; fileRef = 848AC6FE1ACE729900054FA3 /* ENSideMenu.swift */; };
		848AC7011ACE736F00054FA3 /* ENSideMenuNavigationController.swift in Sources */ = {isa = PBXBuildFile; fileRef = 848AC7001ACE736F00054FA3 /* ENSideMenuNavigationController.swift */; };
		848AC7031ACE73B500054FA3 /* BMSNavigationController.swift in Sources */ = {isa = PBXBuildFile; fileRef = 848AC7021ACE73B500054FA3 /* BMSNavigationController.swift */; };
		848AC7091ACE74A300054FA3 /* BMSSlideMenuTableViewController.swift in Sources */ = {isa = PBXBuildFile; fileRef = 848AC7081ACE74A300054FA3 /* BMSSlideMenuTableViewController.swift */; };
		848AC70C1ACE759400054FA3 /* SlideMenuCell.swift in Sources */ = {isa = PBXBuildFile; fileRef = 848AC70A1ACE759400054FA3 /* SlideMenuCell.swift */; };
		848AC70D1ACE759400054FA3 /* SlideMenuCell.xib in Resources */ = {isa = PBXBuildFile; fileRef = 848AC70B1ACE759400054FA3 /* SlideMenuCell.xib */; };
		84AFBC851ACEF7DC0067394A /* ListCell.swift in Sources */ = {isa = PBXBuildFile; fileRef = 84AFBC841ACEF7DC0067394A /* ListCell.swift */; };
		84AFBC911ACF17F90067394A /* FrameView.swift in Sources */ = {isa = PBXBuildFile; fileRef = 84AFBC881ACF17F90067394A /* FrameView.swift */; };
		84AFBC921ACF17F90067394A /* HUDAssets.swift in Sources */ = {isa = PBXBuildFile; fileRef = 84AFBC891ACF17F90067394A /* HUDAssets.swift */; };
		84AFBC931ACF17F90067394A /* HUDContentView.swift in Sources */ = {isa = PBXBuildFile; fileRef = 84AFBC8A1ACF17F90067394A /* HUDContentView.swift */; };
		84AFBC941ACF17F90067394A /* HUDController.swift in Sources */ = {isa = PBXBuildFile; fileRef = 84AFBC8B1ACF17F90067394A /* HUDController.swift */; };
		84AFBC951ACF17F90067394A /* Images.xcassets in Resources */ = {isa = PBXBuildFile; fileRef = 84AFBC8C1ACF17F90067394A /* Images.xcassets */; };
		84AFBC961ACF17F90067394A /* Info.plist in Resources */ = {isa = PBXBuildFile; fileRef = 84AFBC8D1ACF17F90067394A /* Info.plist */; };
		84AFBC971ACF17F90067394A /* Window.swift in Sources */ = {isa = PBXBuildFile; fileRef = 84AFBC8F1ACF17F90067394A /* Window.swift */; };
		84AFBC981ACF17F90067394A /* WindowRootViewController.swift in Sources */ = {isa = PBXBuildFile; fileRef = 84AFBC901ACF17F90067394A /* WindowRootViewController.swift */; };
		84AFBC9A1ACF182E0067394A /* BMSUtil.swift in Sources */ = {isa = PBXBuildFile; fileRef = 84AFBC991ACF182E0067394A /* BMSUtil.swift */; };
/* End PBXBuildFile section */

/* Begin PBXContainerItemProxy section */
		848AC6E31ACE694500054FA3 /* PBXContainerItemProxy */ = {
			isa = PBXContainerItemProxy;
			containerPortal = 848AC6C21ACE694500054FA3 /* Project object */;
			proxyType = 1;
			remoteGlobalIDString = 848AC6C91ACE694500054FA3;
			remoteInfo = BMSLocationFinder;
		};
/* End PBXContainerItemProxy section */

/* Begin PBXFileReference section */
		8445A2961ACE8D7000FF481C /* NetworkManager.swift */ = {isa = PBXFileReference; fileEncoding = 4; lastKnownFileType = sourcecode.swift; path = NetworkManager.swift; sourceTree = "<group>"; };
		8445A2981ACE9A4500FF481C /* CoreLocation.framework */ = {isa = PBXFileReference; lastKnownFileType = wrapper.framework; name = CoreLocation.framework; path = System/Library/Frameworks/CoreLocation.framework; sourceTree = SDKROOT; };
		8445A29A1ACE9A4C00FF481C /* MapKit.framework */ = {isa = PBXFileReference; lastKnownFileType = wrapper.framework; name = MapKit.framework; path = System/Library/Frameworks/MapKit.framework; sourceTree = SDKROOT; };
		8445A29E1ACE9CDA00FF481C /* BMSConstant.swift */ = {isa = PBXFileReference; fileEncoding = 4; lastKnownFileType = sourcecode.swift; path = BMSConstant.swift; sourceTree = "<group>"; };
		8445A2A01ACEBCDF00FF481C /* Place.swift */ = {isa = PBXFileReference; fileEncoding = 4; lastKnownFileType = sourcecode.swift; path = Place.swift; sourceTree = "<group>"; };
		848AC6CA1ACE694500054FA3 /* BMSLocationFinder.app */ = {isa = PBXFileReference; explicitFileType = wrapper.application; includeInIndex = 0; path = BMSLocationFinder.app; sourceTree = BUILT_PRODUCTS_DIR; };
		848AC6CE1ACE694500054FA3 /* Info.plist */ = {isa = PBXFileReference; lastKnownFileType = text.plist.xml; path = Info.plist; sourceTree = "<group>"; };
		848AC6CF1ACE694500054FA3 /* AppDelegate.swift */ = {isa = PBXFileReference; lastKnownFileType = sourcecode.swift; path = AppDelegate.swift; sourceTree = "<group>"; };
		848AC6D21ACE694500054FA3 /* BMSLocationFinder.xcdatamodel */ = {isa = PBXFileReference; lastKnownFileType = wrapper.xcdatamodel; path = BMSLocationFinder.xcdatamodel; sourceTree = "<group>"; };
		848AC6D41ACE694500054FA3 /* ViewController.swift */ = {isa = PBXFileReference; lastKnownFileType = sourcecode.swift; path = ViewController.swift; sourceTree = "<group>"; };
		848AC6D71ACE694500054FA3 /* Base */ = {isa = PBXFileReference; lastKnownFileType = file.storyboard; name = Base; path = Base.lproj/Main.storyboard; sourceTree = "<group>"; };
		848AC6D91ACE694500054FA3 /* Images.xcassets */ = {isa = PBXFileReference; lastKnownFileType = folder.assetcatalog; path = Images.xcassets; sourceTree = "<group>"; };
		848AC6DC1ACE694500054FA3 /* Base */ = {isa = PBXFileReference; lastKnownFileType = file.xib; name = Base; path = Base.lproj/LaunchScreen.xib; sourceTree = "<group>"; };
		848AC6E21ACE694500054FA3 /* BMSLocationFinderTests.xctest */ = {isa = PBXFileReference; explicitFileType = wrapper.cfbundle; includeInIndex = 0; path = BMSLocationFinderTests.xctest; sourceTree = BUILT_PRODUCTS_DIR; };
		848AC6E71ACE694500054FA3 /* Info.plist */ = {isa = PBXFileReference; lastKnownFileType = text.plist.xml; path = Info.plist; sourceTree = "<group>"; };
		848AC6E81ACE694500054FA3 /* BMSLocationFinderTests.swift */ = {isa = PBXFileReference; lastKnownFileType = sourcecode.swift; path = BMSLocationFinderTests.swift; sourceTree = "<group>"; };
		848AC6F21ACE6DE300054FA3 /* BMSListViewController.swift */ = {isa = PBXFileReference; fileEncoding = 4; lastKnownFileType = sourcecode.swift; path = BMSListViewController.swift; sourceTree = "<group>"; };
		848AC6F41ACE6DFF00054FA3 /* BMSDetailViewController.swift */ = {isa = PBXFileReference; fileEncoding = 4; lastKnownFileType = sourcecode.swift; path = BMSDetailViewController.swift; sourceTree = "<group>"; };
		848AC6FE1ACE729900054FA3 /* ENSideMenu.swift */ = {isa = PBXFileReference; fileEncoding = 4; lastKnownFileType = sourcecode.swift; path = ENSideMenu.swift; sourceTree = "<group>"; };
		848AC7001ACE736F00054FA3 /* ENSideMenuNavigationController.swift */ = {isa = PBXFileReference; fileEncoding = 4; lastKnownFileType = sourcecode.swift; path = ENSideMenuNavigationController.swift; sourceTree = "<group>"; };
		848AC7021ACE73B500054FA3 /* BMSNavigationController.swift */ = {isa = PBXFileReference; fileEncoding = 4; lastKnownFileType = sourcecode.swift; path = BMSNavigationController.swift; sourceTree = "<group>"; };
		848AC7081ACE74A300054FA3 /* BMSSlideMenuTableViewController.swift */ = {isa = PBXFileReference; fileEncoding = 4; lastKnownFileType = sourcecode.swift; path = BMSSlideMenuTableViewController.swift; sourceTree = "<group>"; };
		848AC70A1ACE759400054FA3 /* SlideMenuCell.swift */ = {isa = PBXFileReference; fileEncoding = 4; lastKnownFileType = sourcecode.swift; path = SlideMenuCell.swift; sourceTree = "<group>"; };
		848AC70B1ACE759400054FA3 /* SlideMenuCell.xib */ = {isa = PBXFileReference; fileEncoding = 4; lastKnownFileType = file.xib; path = SlideMenuCell.xib; sourceTree = "<group>"; };
		84AFBC841ACEF7DC0067394A /* ListCell.swift */ = {isa = PBXFileReference; fileEncoding = 4; lastKnownFileType = sourcecode.swift; path = ListCell.swift; sourceTree = "<group>"; };
		84AFBC881ACF17F90067394A /* FrameView.swift */ = {isa = PBXFileReference; fileEncoding = 4; lastKnownFileType = sourcecode.swift; path = FrameView.swift; sourceTree = "<group>"; };
		84AFBC891ACF17F90067394A /* HUDAssets.swift */ = {isa = PBXFileReference; fileEncoding = 4; lastKnownFileType = sourcecode.swift; path = HUDAssets.swift; sourceTree = "<group>"; };
		84AFBC8A1ACF17F90067394A /* HUDContentView.swift */ = {isa = PBXFileReference; fileEncoding = 4; lastKnownFileType = sourcecode.swift; path = HUDContentView.swift; sourceTree = "<group>"; };
		84AFBC8B1ACF17F90067394A /* HUDController.swift */ = {isa = PBXFileReference; fileEncoding = 4; lastKnownFileType = sourcecode.swift; path = HUDController.swift; sourceTree = "<group>"; };
		84AFBC8C1ACF17F90067394A /* Images.xcassets */ = {isa = PBXFileReference; lastKnownFileType = folder.assetcatalog; path = Images.xcassets; sourceTree = "<group>"; };
		84AFBC8D1ACF17F90067394A /* Info.plist */ = {isa = PBXFileReference; fileEncoding = 4; lastKnownFileType = text.plist.xml; path = Info.plist; sourceTree = "<group>"; };
		84AFBC8E1ACF17F90067394A /* PKHUD.h */ = {isa = PBXFileReference; fileEncoding = 4; lastKnownFileType = sourcecode.c.h; path = PKHUD.h; sourceTree = "<group>"; };
		84AFBC8F1ACF17F90067394A /* Window.swift */ = {isa = PBXFileReference; fileEncoding = 4; lastKnownFileType = sourcecode.swift; path = Window.swift; sourceTree = "<group>"; };
		84AFBC901ACF17F90067394A /* WindowRootViewController.swift */ = {isa = PBXFileReference; fileEncoding = 4; lastKnownFileType = sourcecode.swift; path = WindowRootViewController.swift; sourceTree = "<group>"; };
		84AFBC991ACF182E0067394A /* BMSUtil.swift */ = {isa = PBXFileReference; fileEncoding = 4; lastKnownFileType = sourcecode.swift; path = BMSUtil.swift; sourceTree = "<group>"; };
/* End PBXFileReference section */

/* Begin PBXFrameworksBuildPhase section */
		848AC6C71ACE694500054FA3 /* Frameworks */ = {
			isa = PBXFrameworksBuildPhase;
			buildActionMask = 2147483647;
			files = (
				8445A29B1ACE9A4C00FF481C /* MapKit.framework in Frameworks */,
				8445A2991ACE9A4500FF481C /* CoreLocation.framework in Frameworks */,
			);
			runOnlyForDeploymentPostprocessing = 0;
		};
		848AC6DF1ACE694500054FA3 /* Frameworks */ = {
			isa = PBXFrameworksBuildPhase;
			buildActionMask = 2147483647;
			files = (
			);
			runOnlyForDeploymentPostprocessing = 0;
		};
/* End PBXFrameworksBuildPhase section */

/* Begin PBXGroup section */
		8445A2951ACE8D5D00FF481C /* Networking */ = {
			isa = PBXGroup;
			children = (
				8445A2961ACE8D7000FF481C /* NetworkManager.swift */,
			);
			name = Networking;
			sourceTree = "<group>";
		};
		8445A29C1ACE9A5A00FF481C /* Frameworks */ = {
			isa = PBXGroup;
			children = (
				8445A29A1ACE9A4C00FF481C /* MapKit.framework */,
				8445A2981ACE9A4500FF481C /* CoreLocation.framework */,
			);
			name = Frameworks;
			sourceTree = "<group>";
		};
		8445A29D1ACE9CC000FF481C /* Helper */ = {
			isa = PBXGroup;
			children = (
				84AFBC871ACF17F90067394A /* PKHUD */,
				8445A29E1ACE9CDA00FF481C /* BMSConstant.swift */,
				848AC7001ACE736F00054FA3 /* ENSideMenuNavigationController.swift */,
				848AC6FE1ACE729900054FA3 /* ENSideMenu.swift */,
				84AFBC991ACF182E0067394A /* BMSUtil.swift */,
			);
			name = Helper;
			sourceTree = "<group>";
		};
		848AC6C11ACE694500054FA3 = {
			isa = PBXGroup;
			children = (
				848AC6CC1ACE694500054FA3 /* BMSLocationFinder */,
				848AC6E51ACE694500054FA3 /* BMSLocationFinderTests */,
				848AC6CB1ACE694500054FA3 /* Products */,
			);
			sourceTree = "<group>";
		};
		848AC6CB1ACE694500054FA3 /* Products */ = {
			isa = PBXGroup;
			children = (
				848AC6CA1ACE694500054FA3 /* BMSLocationFinder.app */,
				848AC6E21ACE694500054FA3 /* BMSLocationFinderTests.xctest */,
			);
			name = Products;
			sourceTree = "<group>";
		};
		848AC6CC1ACE694500054FA3 /* BMSLocationFinder */ = {
			isa = PBXGroup;
			children = (
				8445A29D1ACE9CC000FF481C /* Helper */,
				848AC6FA1ACE718000054FA3 /* Resources */,
				848AC6F91ACE717800054FA3 /* Controller */,
				848AC6F81ACE716800054FA3 /* Views */,
				8445A2951ACE8D5D00FF481C /* Networking */,
				848AC6F71ACE715E00054FA3 /* Model */,
				848AC6D91ACE694500054FA3 /* Images.xcassets */,
				8445A29C1ACE9A5A00FF481C /* Frameworks */,
				848AC6CD1ACE694500054FA3 /* Supporting Files */,
			);
			path = BMSLocationFinder;
			sourceTree = "<group>";
		};
		848AC6CD1ACE694500054FA3 /* Supporting Files */ = {
			isa = PBXGroup;
			children = (
				848AC6CE1ACE694500054FA3 /* Info.plist */,
			);
			name = "Supporting Files";
			sourceTree = "<group>";
		};
		848AC6E51ACE694500054FA3 /* BMSLocationFinderTests */ = {
			isa = PBXGroup;
			children = (
				848AC6E81ACE694500054FA3 /* BMSLocationFinderTests.swift */,
				848AC6E61ACE694500054FA3 /* Supporting Files */,
			);
			path = BMSLocationFinderTests;
			sourceTree = "<group>";
		};
		848AC6E61ACE694500054FA3 /* Supporting Files */ = {
			isa = PBXGroup;
			children = (
				848AC6E71ACE694500054FA3 /* Info.plist */,
			);
			name = "Supporting Files";
			sourceTree = "<group>";
		};
		848AC6F71ACE715E00054FA3 /* Model */ = {
			isa = PBXGroup;
			children = (
				8445A2A01ACEBCDF00FF481C /* Place.swift */,
				848AC6D11ACE694500054FA3 /* BMSLocationFinder.xcdatamodeld */,
			);
			name = Model;
			sourceTree = "<group>";
		};
		848AC6F81ACE716800054FA3 /* Views */ = {
			isa = PBXGroup;
			children = (
				848AC70A1ACE759400054FA3 /* SlideMenuCell.swift */,
				848AC70B1ACE759400054FA3 /* SlideMenuCell.xib */,
				84AFBC841ACEF7DC0067394A /* ListCell.swift */,
			);
			name = Views;
			sourceTree = "<group>";
		};
		848AC6F91ACE717800054FA3 /* Controller */ = {
			isa = PBXGroup;
			children = (
				848AC6F21ACE6DE300054FA3 /* BMSListViewController.swift */,
				848AC6F41ACE6DFF00054FA3 /* BMSDetailViewController.swift */,
				848AC6D41ACE694500054FA3 /* ViewController.swift */,
				848AC6FB1ACE71EB00054FA3 /* Navigation */,
			);
			name = Controller;
			sourceTree = "<group>";
		};
		848AC6FA1ACE718000054FA3 /* Resources */ = {
			isa = PBXGroup;
			children = (
				848AC6CF1ACE694500054FA3 /* AppDelegate.swift */,
				848AC6DB1ACE694500054FA3 /* LaunchScreen.xib */,
				848AC6D61ACE694500054FA3 /* Main.storyboard */,
			);
			name = Resources;
			sourceTree = "<group>";
		};
		848AC6FB1ACE71EB00054FA3 /* Navigation */ = {
			isa = PBXGroup;
			children = (
				848AC7081ACE74A300054FA3 /* BMSSlideMenuTableViewController.swift */,
				848AC7021ACE73B500054FA3 /* BMSNavigationController.swift */,
			);
			name = Navigation;
			sourceTree = "<group>";
		};
		84AFBC871ACF17F90067394A /* PKHUD */ = {
			isa = PBXGroup;
			children = (
				84AFBC881ACF17F90067394A /* FrameView.swift */,
				84AFBC891ACF17F90067394A /* HUDAssets.swift */,
				84AFBC8A1ACF17F90067394A /* HUDContentView.swift */,
				84AFBC8B1ACF17F90067394A /* HUDController.swift */,
				84AFBC8C1ACF17F90067394A /* Images.xcassets */,
				84AFBC8D1ACF17F90067394A /* Info.plist */,
				84AFBC8E1ACF17F90067394A /* PKHUD.h */,
				84AFBC8F1ACF17F90067394A /* Window.swift */,
				84AFBC901ACF17F90067394A /* WindowRootViewController.swift */,
			);
			path = PKHUD;
			sourceTree = "<group>";
		};
/* End PBXGroup section */

/* Begin PBXNativeTarget section */
		848AC6C91ACE694500054FA3 /* BMSLocationFinder */ = {
			isa = PBXNativeTarget;
			buildConfigurationList = 848AC6EC1ACE694500054FA3 /* Build configuration list for PBXNativeTarget "BMSLocationFinder" */;
			buildPhases = (
				848AC6C61ACE694500054FA3 /* Sources */,
				848AC6C71ACE694500054FA3 /* Frameworks */,
				848AC6C81ACE694500054FA3 /* Resources */,
			);
			buildRules = (
			);
			dependencies = (
			);
			name = BMSLocationFinder;
			productName = BMSLocationFinder;
			productReference = 848AC6CA1ACE694500054FA3 /* BMSLocationFinder.app */;
			productType = "com.apple.product-type.application";
		};
		848AC6E11ACE694500054FA3 /* BMSLocationFinderTests */ = {
			isa = PBXNativeTarget;
			buildConfigurationList = 848AC6EF1ACE694500054FA3 /* Build configuration list for PBXNativeTarget "BMSLocationFinderTests" */;
			buildPhases = (
				848AC6DE1ACE694500054FA3 /* Sources */,
				848AC6DF1ACE694500054FA3 /* Frameworks */,
				848AC6E01ACE694500054FA3 /* Resources */,
			);
			buildRules = (
			);
			dependencies = (
				848AC6E41ACE694500054FA3 /* PBXTargetDependency */,
			);
			name = BMSLocationFinderTests;
			productName = BMSLocationFinderTests;
			productReference = 848AC6E21ACE694500054FA3 /* BMSLocationFinderTests.xctest */;
			productType = "com.apple.product-type.bundle.unit-test";
		};
/* End PBXNativeTarget section */

/* Begin PBXProject section */
		848AC6C21ACE694500054FA3 /* Project object */ = {
			isa = PBXProject;
			attributes = {
				LastUpgradeCheck = 0620;
				ORGANIZATIONNAME = Ashutosh;
				TargetAttributes = {
					848AC6C91ACE694500054FA3 = {
						CreatedOnToolsVersion = 6.2;
					};
					848AC6E11ACE694500054FA3 = {
						CreatedOnToolsVersion = 6.2;
						TestTargetID = 848AC6C91ACE694500054FA3;
					};
				};
			};
			buildConfigurationList = 848AC6C51ACE694500054FA3 /* Build configuration list for PBXProject "BMSLocationFinder" */;
			compatibilityVersion = "Xcode 3.2";
			developmentRegion = English;
			hasScannedForEncodings = 0;
			knownRegions = (
				en,
				Base,
			);
			mainGroup = 848AC6C11ACE694500054FA3;
			productRefGroup = 848AC6CB1ACE694500054FA3 /* Products */;
			projectDirPath = "";
			projectRoot = "";
			targets = (
				848AC6C91ACE694500054FA3 /* BMSLocationFinder */,
				848AC6E11ACE694500054FA3 /* BMSLocationFinderTests */,
			);
		};
/* End PBXProject section */

/* Begin PBXResourcesBuildPhase section */
		848AC6C81ACE694500054FA3 /* Resources */ = {
			isa = PBXResourcesBuildPhase;
			buildActionMask = 2147483647;
			files = (
				848AC70D1ACE759400054FA3 /* SlideMenuCell.xib in Resources */,
				84AFBC951ACF17F90067394A /* Images.xcassets in Resources */,
				84AFBC961ACF17F90067394A /* Info.plist in Resources */,
				848AC6D81ACE694500054FA3 /* Main.storyboard in Resources */,
				848AC6DD1ACE694500054FA3 /* LaunchScreen.xib in Resources */,
				848AC6DA1ACE694500054FA3 /* Images.xcassets in Resources */,
			);
			runOnlyForDeploymentPostprocessing = 0;
		};
		848AC6E01ACE694500054FA3 /* Resources */ = {
			isa = PBXResourcesBuildPhase;
			buildActionMask = 2147483647;
			files = (
			);
			runOnlyForDeploymentPostprocessing = 0;
		};
/* End PBXResourcesBuildPhase section */

/* Begin PBXSourcesBuildPhase section */
		848AC6C61ACE694500054FA3 /* Sources */ = {
			isa = PBXSourcesBuildPhase;
			buildActionMask = 2147483647;
			files = (
				848AC70C1ACE759400054FA3 /* SlideMenuCell.swift in Sources */,
				8445A2A11ACEBCDF00FF481C /* Place.swift in Sources */,
				848AC7011ACE736F00054FA3 /* ENSideMenuNavigationController.swift in Sources */,
				84AFBC911ACF17F90067394A /* FrameView.swift in Sources */,
				84AFBC981ACF17F90067394A /* WindowRootViewController.swift in Sources */,
				84AFBC851ACEF7DC0067394A /* ListCell.swift in Sources */,
				848AC6D51ACE694500054FA3 /* ViewController.swift in Sources */,
				848AC6D01ACE694500054FA3 /* AppDelegate.swift in Sources */,
				84AFBC941ACF17F90067394A /* HUDController.swift in Sources */,
				8445A2971ACE8D7000FF481C /* NetworkManager.swift in Sources */,
				848AC6FF1ACE729900054FA3 /* ENSideMenu.swift in Sources */,
				848AC6F51ACE6DFF00054FA3 /* BMSDetailViewController.swift in Sources */,
				8445A29F1ACE9CDA00FF481C /* BMSConstant.swift in Sources */,
				848AC7031ACE73B500054FA3 /* BMSNavigationController.swift in Sources */,
				848AC6F31ACE6DE300054FA3 /* BMSListViewController.swift in Sources */,
				848AC6D31ACE694500054FA3 /* BMSLocationFinder.xcdatamodeld in Sources */,
				84AFBC931ACF17F90067394A /* HUDContentView.swift in Sources */,
				84AFBC921ACF17F90067394A /* HUDAssets.swift in Sources */,
				84AFBC971ACF17F90067394A /* Window.swift in Sources */,
				84AFBC9A1ACF182E0067394A /* BMSUtil.swift in Sources */,
				848AC7091ACE74A300054FA3 /* BMSSlideMenuTableViewController.swift in Sources */,
			);
			runOnlyForDeploymentPostprocessing = 0;
		};
		848AC6DE1ACE694500054FA3 /* Sources */ = {
			isa = PBXSourcesBuildPhase;
			buildActionMask = 2147483647;
			files = (
				848AC6E91ACE694500054FA3 /* BMSLocationFinderTests.swift in Sources */,
			);
			runOnlyForDeploymentPostprocessing = 0;
		};
/* End PBXSourcesBuildPhase section */

/* Begin PBXTargetDependency section */
		848AC6E41ACE694500054FA3 /* PBXTargetDependency */ = {
			isa = PBXTargetDependency;
			target = 848AC6C91ACE694500054FA3 /* BMSLocationFinder */;
			targetProxy = 848AC6E31ACE694500054FA3 /* PBXContainerItemProxy */;
		};
/* End PBXTargetDependency section */

/* Begin PBXVariantGroup section */
		848AC6D61ACE694500054FA3 /* Main.storyboard */ = {
			isa = PBXVariantGroup;
			children = (
				848AC6D71ACE694500054FA3 /* Base */,
			);
			name = Main.storyboard;
			sourceTree = "<group>";
		};
		848AC6DB1ACE694500054FA3 /* LaunchScreen.xib */ = {
			isa = PBXVariantGroup;
			children = (
				848AC6DC1ACE694500054FA3 /* Base */,
			);
			name = LaunchScreen.xib;
			sourceTree = "<group>";
		};
/* End PBXVariantGroup section */

/* Begin XCBuildConfiguration section */
		848AC6EA1ACE694500054FA3 /* Debug */ = {
			isa = XCBuildConfiguration;
			buildSettings = {
				ALWAYS_SEARCH_USER_PATHS = NO;
				CLANG_CXX_LANGUAGE_STANDARD = "gnu++0x";
				CLANG_CXX_LIBRARY = "libc++";
				CLANG_ENABLE_MODULES = YES;
				CLANG_ENABLE_OBJC_ARC = YES;
				CLANG_WARN_BOOL_CONVERSION = YES;
				CLANG_WARN_CONSTANT_CONVERSION = YES;
				CLANG_WARN_DIRECT_OBJC_ISA_USAGE = YES_ERROR;
				CLANG_WARN_EMPTY_BODY = YES;
				CLANG_WARN_ENUM_CONVERSION = YES;
				CLANG_WARN_INT_CONVERSION = YES;
				CLANG_WARN_OBJC_ROOT_CLASS = YES_ERROR;
				CLANG_WARN_UNREACHABLE_CODE = YES;
				CLANG_WARN__DUPLICATE_METHOD_MATCH = YES;
				"CODE_SIGN_IDENTITY[sdk=iphoneos*]" = "iPhone Developer";
				COPY_PHASE_STRIP = NO;
				ENABLE_STRICT_OBJC_MSGSEND = YES;
				GCC_C_LANGUAGE_STANDARD = gnu99;
				GCC_DYNAMIC_NO_PIC = NO;
				GCC_OPTIMIZATION_LEVEL = 0;
				GCC_PREPROCESSOR_DEFINITIONS = (
					"DEBUG=1",
					"$(inherited)",
				);
				GCC_SYMBOLS_PRIVATE_EXTERN = NO;
				GCC_WARN_64_TO_32_BIT_CONVERSION = YES;
				GCC_WARN_ABOUT_RETURN_TYPE = YES_ERROR;
				GCC_WARN_UNDECLARED_SELECTOR = YES;
				GCC_WARN_UNINITIALIZED_AUTOS = YES_AGGRESSIVE;
				GCC_WARN_UNUSED_FUNCTION = YES;
				GCC_WARN_UNUSED_VARIABLE = YES;
				IPHONEOS_DEPLOYMENT_TARGET = 8.2;
				MTL_ENABLE_DEBUG_INFO = YES;
				ONLY_ACTIVE_ARCH = YES;
				SDKROOT = iphoneos;
				SWIFT_OPTIMIZATION_LEVEL = "-Onone";
				TARGETED_DEVICE_FAMILY = "1,2";
			};
			name = Debug;
		};
		848AC6EB1ACE694500054FA3 /* Release */ = {
			isa = XCBuildConfiguration;
			buildSettings = {
				ALWAYS_SEARCH_USER_PATHS = NO;
				CLANG_CXX_LANGUAGE_STANDARD = "gnu++0x";
				CLANG_CXX_LIBRARY = "libc++";
				CLANG_ENABLE_MODULES = YES;
				CLANG_ENABLE_OBJC_ARC = YES;
				CLANG_WARN_BOOL_CONVERSION = YES;
				CLANG_WARN_CONSTANT_CONVERSION = YES;
				CLANG_WARN_DIRECT_OBJC_ISA_USAGE = YES_ERROR;
				CLANG_WARN_EMPTY_BODY = YES;
				CLANG_WARN_ENUM_CONVERSION = YES;
				CLANG_WARN_INT_CONVERSION = YES;
				CLANG_WARN_OBJC_ROOT_CLASS = YES_ERROR;
				CLANG_WARN_UNREACHABLE_CODE = YES;
				CLANG_WARN__DUPLICATE_METHOD_MATCH = YES;
				"CODE_SIGN_IDENTITY[sdk=iphoneos*]" = "iPhone Developer";
				COPY_PHASE_STRIP = NO;
				ENABLE_NS_ASSERTIONS = NO;
				ENABLE_STRICT_OBJC_MSGSEND = YES;
				GCC_C_LANGUAGE_STANDARD = gnu99;
				GCC_WARN_64_TO_32_BIT_CONVERSION = YES;
				GCC_WARN_ABOUT_RETURN_TYPE = YES_ERROR;
				GCC_WARN_UNDECLARED_SELECTOR = YES;
				GCC_WARN_UNINITIALIZED_AUTOS = YES_AGGRESSIVE;
				GCC_WARN_UNUSED_FUNCTION = YES;
				GCC_WARN_UNUSED_VARIABLE = YES;
				IPHONEOS_DEPLOYMENT_TARGET = 8.2;
				MTL_ENABLE_DEBUG_INFO = NO;
				SDKROOT = iphoneos;
				TARGETED_DEVICE_FAMILY = "1,2";
				VALIDATE_PRODUCT = YES;
			};
			name = Release;
		};
		848AC6ED1ACE694500054FA3 /* Debug */ = {
			isa = XCBuildConfiguration;
			buildSettings = {
				ASSETCATALOG_COMPILER_APPICON_NAME = AppIcon;
				INFOPLIST_FILE = BMSLocationFinder/Info.plist;
				LD_RUNPATH_SEARCH_PATHS = "$(inherited) @executable_path/Frameworks";
				PRODUCT_NAME = "$(TARGET_NAME)";
			};
			name = Debug;
		};
		848AC6EE1ACE694500054FA3 /* Release */ = {
			isa = XCBuildConfiguration;
			buildSettings = {
				ASSETCATALOG_COMPILER_APPICON_NAME = AppIcon;
				INFOPLIST_FILE = BMSLocationFinder/Info.plist;
				LD_RUNPATH_SEARCH_PATHS = "$(inherited) @executable_path/Frameworks";
				PRODUCT_NAME = "$(TARGET_NAME)";
			};
			name = Release;
		};
		848AC6F01ACE694500054FA3 /* Debug */ = {
			isa = XCBuildConfiguration;
			buildSettings = {
				BUNDLE_LOADER = "$(TEST_HOST)";
				FRAMEWORK_SEARCH_PATHS = (
					"$(SDKROOT)/Developer/Library/Frameworks",
					"$(inherited)",
				);
				GCC_PREPROCESSOR_DEFINITIONS = (
					"DEBUG=1",
					"$(inherited)",
				);
				INFOPLIST_FILE = BMSLocationFinderTests/Info.plist;
				LD_RUNPATH_SEARCH_PATHS = "$(inherited) @executable_path/Frameworks @loader_path/Frameworks";
				PRODUCT_NAME = "$(TARGET_NAME)";
				TEST_HOST = "$(BUILT_PRODUCTS_DIR)/BMSLocationFinder.app/BMSLocationFinder";
			};
			name = Debug;
		};
		848AC6F11ACE694500054FA3 /* Release */ = {
			isa = XCBuildConfiguration;
			buildSettings = {
				BUNDLE_LOADER = "$(TEST_HOST)";
				FRAMEWORK_SEARCH_PATHS = (
					"$(SDKROOT)/Developer/Library/Frameworks",
					"$(inherited)",
				);
				INFOPLIST_FILE = BMSLocationFinderTests/Info.plist;
				LD_RUNPATH_SEARCH_PATHS = "$(inherited) @executable_path/Frameworks @loader_path/Frameworks";
				PRODUCT_NAME = "$(TARGET_NAME)";
				TEST_HOST = "$(BUILT_PRODUCTS_DIR)/BMSLocationFinder.app/BMSLocationFinder";
			};
			name = Release;
		};
/* End XCBuildConfiguration section */

/* Begin XCConfigurationList section */
		848AC6C51ACE694500054FA3 /* Build configuration list for PBXProject "BMSLocationFinder" */ = {
			isa = XCConfigurationList;
			buildConfigurations = (
				848AC6EA1ACE694500054FA3 /* Debug */,
				848AC6EB1ACE694500054FA3 /* Release */,
			);
			defaultConfigurationIsVisible = 0;
			defaultConfigurationName = Release;
		};
		848AC6EC1ACE694500054FA3 /* Build configuration list for PBXNativeTarget "BMSLocationFinder" */ = {
			isa = XCConfigurationList;
			buildConfigurations = (
				848AC6ED1ACE694500054FA3 /* Debug */,
				848AC6EE1ACE694500054FA3 /* Release */,
			);
			defaultConfigurationIsVisible = 0;
			defaultConfigurationName = Release;
		};
		848AC6EF1ACE694500054FA3 /* Build configuration list for PBXNativeTarget "BMSLocationFinderTests" */ = {
			isa = XCConfigurationList;
			buildConfigurations = (
				848AC6F01ACE694500054FA3 /* Debug */,
				848AC6F11ACE694500054FA3 /* Release */,
			);
			defaultConfigurationIsVisible = 0;
			defaultConfigurationName = Release;
		};
/* End XCConfigurationList section */

/* Begin XCVersionGroup section */
		848AC6D11ACE694500054FA3 /* BMSLocationFinder.xcdatamodeld */ = {
			isa = XCVersionGroup;
			children = (
				848AC6D21ACE694500054FA3 /* BMSLocationFinder.xcdatamodel */,
			);
			currentVersion = 848AC6D21ACE694500054FA3 /* BMSLocationFinder.xcdatamodel */;
			path = BMSLocationFinder.xcdatamodeld;
			sourceTree = "<group>";
			versionGroupType = wrapper.xcdatamodel;
		};
/* End XCVersionGroup section */
	};
	rootObject = 848AC6C21ACE694500054FA3 /* Project object */;
}
