// !$*UTF8*$!
{
	archiveVersion = 1;
	classes = {
	};
	objectVersion = 46;
	objects = {

/* Begin PBXBuildFile section */
		8445A2991ACE9A4500FF481C /* CoreLocation.framework in Frameworks */ = {isa = PBXBuildFile; fileRef = 8445A2981ACE9A4500FF481C /* CoreLocation.framework */; };
		8445A29B1ACE9A4C00FF481C /* MapKit.framework in Frameworks */ = {isa = PBXBuildFile; fileRef = 8445A29A1ACE9A4C00FF481C /* MapKit.framework */; };
		848AC6D01ACE694500054FA3 /* AppDelegate.swift in Sources */ = {isa = PBXBuildFile; fileRef = 848AC6CF1ACE694500054FA3 /* AppDelegate.swift */; };
		848AC6DA1ACE694500054FA3 /* Images.xcassets in Resources */ = {isa = PBXBuildFile; fileRef = 848AC6D91ACE694500054FA3 /* Images.xcassets */; };
		848AC6DD1ACE694500054FA3 /* LaunchScreen.xib in Resources */ = {isa = PBXBuildFile; fileRef = 848AC6DB1ACE694500054FA3 /* LaunchScreen.xib */; };
		848AC6E91ACE694500054FA3 /* BMSLocationFinderTests.swift in Sources */ = {isa = PBXBuildFile; fileRef = 848AC6E81ACE694500054FA3 /* BMSLocationFinderTests.swift */; };
		84B1193E1AD19EE700CE1A73 /* CoreDataManager.swift in Sources */ = {isa = PBXBuildFile; fileRef = 84B119391AD19EE700CE1A73 /* CoreDataManager.swift */; };
		84B1193F1AD19EE700CE1A73 /* DataModel.swift in Sources */ = {isa = PBXBuildFile; fileRef = 84B1193A1AD19EE700CE1A73 /* DataModel.swift */; };
		84B119401AD19EE700CE1A73 /* FavoritePlace.m in Sources */ = {isa = PBXBuildFile; fileRef = 84B1193C1AD19EE700CE1A73 /* FavoritePlace.m */; };
		84B119411AD19EE700CE1A73 /* Place.swift in Sources */ = {isa = PBXBuildFile; fileRef = 84B1193D1AD19EE700CE1A73 /* Place.swift */; };
		84B119481AD19F0C00CE1A73 /* ImageDownloader.swift in Sources */ = {isa = PBXBuildFile; fileRef = 84B119451AD19F0C00CE1A73 /* ImageDownloader.swift */; };
		84B119491AD19F0C00CE1A73 /* NetworkManager.swift in Sources */ = {isa = PBXBuildFile; fileRef = 84B119461AD19F0C00CE1A73 /* NetworkManager.swift */; };
		84B1194A1AD19F0C00CE1A73 /* Paginator.swift in Sources */ = {isa = PBXBuildFile; fileRef = 84B119471AD19F0C00CE1A73 /* Paginator.swift */; };
		84B1194E1AD19F1F00CE1A73 /* ListCell.swift in Sources */ = {isa = PBXBuildFile; fileRef = 84B1194B1AD19F1F00CE1A73 /* ListCell.swift */; };
		84B1194F1AD19F1F00CE1A73 /* SlideMenuCell.swift in Sources */ = {isa = PBXBuildFile; fileRef = 84B1194C1AD19F1F00CE1A73 /* SlideMenuCell.swift */; };
		84B119501AD19F1F00CE1A73 /* SlideMenuCell.xib in Resources */ = {isa = PBXBuildFile; fileRef = 84B1194D1AD19F1F00CE1A73 /* SlideMenuCell.xib */; };
		84B119551AD19F3800CE1A73 /* BMSDetailViewController.swift in Sources */ = {isa = PBXBuildFile; fileRef = 84B119511AD19F3800CE1A73 /* BMSDetailViewController.swift */; };
		84B119561AD19F3800CE1A73 /* BMSListViewController.swift in Sources */ = {isa = PBXBuildFile; fileRef = 84B119521AD19F3800CE1A73 /* BMSListViewController.swift */; };
		84B119571AD19F3800CE1A73 /* BMSNavigationController.swift in Sources */ = {isa = PBXBuildFile; fileRef = 84B119531AD19F3800CE1A73 /* BMSNavigationController.swift */; };
		84B119581AD19F3800CE1A73 /* BMSSlideMenuTableViewController.swift in Sources */ = {isa = PBXBuildFile; fileRef = 84B119541AD19F3800CE1A73 /* BMSSlideMenuTableViewController.swift */; };
		84B1195E1AD19F5900CE1A73 /* favorite_selected.png in Resources */ = {isa = PBXBuildFile; fileRef = 84B119591AD19F5900CE1A73 /* favorite_selected.png */; };
		84B1195F1AD19F5900CE1A73 /* favorite_unselected.png in Resources */ = {isa = PBXBuildFile; fileRef = 84B1195A1AD19F5900CE1A73 /* favorite_unselected.png */; };
		84B119601AD19F5900CE1A73 /* Hamburger Menu.png in Resources */ = {isa = PBXBuildFile; fileRef = 84B1195B1AD19F5900CE1A73 /* Hamburger Menu.png */; };
		84B119621AD19F5900CE1A73 /* No Result.png in Resources */ = {isa = PBXBuildFile; fileRef = 84B1195D1AD19F5900CE1A73 /* No Result.png */; };
		84B119641AD19F9F00CE1A73 /* Main.storyboard in Resources */ = {isa = PBXBuildFile; fileRef = 84B119631AD19F9F00CE1A73 /* Main.storyboard */; };
		84B119721AD19FC500CE1A73 /* ENSideMenu.swift in Sources */ = {isa = PBXBuildFile; fileRef = 84B119651AD19FC500CE1A73 /* ENSideMenu.swift */; };
		84B119731AD19FC500CE1A73 /* ENSideMenuNavigationController.swift in Sources */ = {isa = PBXBuildFile; fileRef = 84B119661AD19FC500CE1A73 /* ENSideMenuNavigationController.swift */; };
		84B119741AD19FC500CE1A73 /* IJReachability.swift in Sources */ = {isa = PBXBuildFile; fileRef = 84B119671AD19FC500CE1A73 /* IJReachability.swift */; };
		84B119751AD19FC500CE1A73 /* FrameView.swift in Sources */ = {isa = PBXBuildFile; fileRef = 84B119691AD19FC500CE1A73 /* FrameView.swift */; };
		84B119761AD19FC500CE1A73 /* HUDAssets.swift in Sources */ = {isa = PBXBuildFile; fileRef = 84B1196A1AD19FC500CE1A73 /* HUDAssets.swift */; };
		84B119771AD19FC500CE1A73 /* HUDContentView.swift in Sources */ = {isa = PBXBuildFile; fileRef = 84B1196B1AD19FC500CE1A73 /* HUDContentView.swift */; };
		84B119781AD19FC500CE1A73 /* HUDController.swift in Sources */ = {isa = PBXBuildFile; fileRef = 84B1196C1AD19FC500CE1A73 /* HUDController.swift */; };
		84B119791AD19FC500CE1A73 /* Images.xcassets in Resources */ = {isa = PBXBuildFile; fileRef = 84B1196D1AD19FC500CE1A73 /* Images.xcassets */; };
		84B1197A1AD19FC500CE1A73 /* Info.plist in Resources */ = {isa = PBXBuildFile; fileRef = 84B1196E1AD19FC500CE1A73 /* Info.plist */; };
		84B1197B1AD19FC500CE1A73 /* Window.swift in Sources */ = {isa = PBXBuildFile; fileRef = 84B119701AD19FC500CE1A73 /* Window.swift */; };
		84B1197C1AD19FC500CE1A73 /* WindowRootViewController.swift in Sources */ = {isa = PBXBuildFile; fileRef = 84B119711AD19FC500CE1A73 /* WindowRootViewController.swift */; };
		84B1197F1AD19FEA00CE1A73 /* BMSConstant.swift in Sources */ = {isa = PBXBuildFile; fileRef = 84B1197D1AD19FEA00CE1A73 /* BMSConstant.swift */; };
		84B119801AD19FEA00CE1A73 /* BMSUtil.swift in Sources */ = {isa = PBXBuildFile; fileRef = 84B1197E1AD19FEA00CE1A73 /* BMSUtil.swift */; };
		84B119831AD1A07D00CE1A73 /* BMSLocationFinder.xcdatamodeld in Sources */ = {isa = PBXBuildFile; fileRef = 84B119811AD1A07D00CE1A73 /* BMSLocationFinder.xcdatamodeld */; };
/* End PBXBuildFile section */

/* Begin PBXContainerItemProxy section */
		848AC6E31ACE694500054FA3 /* PBXContainerItemProxy */ = {
			isa = PBXContainerItemProxy;
			containerPortal = 848AC6C21ACE694500054FA3 /* Project object */;
			proxyType = 1;
			remoteGlobalIDString = 848AC6C91ACE694500054FA3;
			remoteInfo = BMSLocationFinder;
		};
/* End PBXContainerItemProxy section */

/* Begin PBXFileReference section */
		8445A2981ACE9A4500FF481C /* CoreLocation.framework */ = {isa = PBXFileReference; lastKnownFileType = wrapper.framework; name = CoreLocation.framework; path = System/Library/Frameworks/CoreLocation.framework; sourceTree = SDKROOT; };
		8445A29A1ACE9A4C00FF481C /* MapKit.framework */ = {isa = PBXFileReference; lastKnownFileType = wrapper.framework; name = MapKit.framework; path = System/Library/Frameworks/MapKit.framework; sourceTree = SDKROOT; };
		848AC6CA1ACE694500054FA3 /* BMSLocationFinder.app */ = {isa = PBXFileReference; explicitFileType = wrapper.application; includeInIndex = 0; path = BMSLocationFinder.app; sourceTree = BUILT_PRODUCTS_DIR; };
		848AC6CE1ACE694500054FA3 /* Info.plist */ = {isa = PBXFileReference; lastKnownFileType = text.plist.xml; path = Info.plist; sourceTree = "<group>"; };
		848AC6CF1ACE694500054FA3 /* AppDelegate.swift */ = {isa = PBXFileReference; lastKnownFileType = sourcecode.swift; path = AppDelegate.swift; sourceTree = "<group>"; };
		848AC6D91ACE694500054FA3 /* Images.xcassets */ = {isa = PBXFileReference; lastKnownFileType = folder.assetcatalog; path = Images.xcassets; sourceTree = "<group>"; };
		848AC6DC1ACE694500054FA3 /* Base */ = {isa = PBXFileReference; lastKnownFileType = file.xib; name = Base; path = Base.lproj/LaunchScreen.xib; sourceTree = "<group>"; };
		848AC6E21ACE694500054FA3 /* BMSLocationFinderTests.xctest */ = {isa = PBXFileReference; explicitFileType = wrapper.cfbundle; includeInIndex = 0; path = BMSLocationFinderTests.xctest; sourceTree = BUILT_PRODUCTS_DIR; };
		848AC6E71ACE694500054FA3 /* Info.plist */ = {isa = PBXFileReference; lastKnownFileType = text.plist.xml; path = Info.plist; sourceTree = "<group>"; };
		848AC6E81ACE694500054FA3 /* BMSLocationFinderTests.swift */ = {isa = PBXFileReference; lastKnownFileType = sourcecode.swift; path = BMSLocationFinderTests.swift; sourceTree = "<group>"; };
		8496D4FF1ACFEDBD00A347FA /* BMSLocationFinder-Bridging-Header.h */ = {isa = PBXFileReference; lastKnownFileType = sourcecode.c.h; path = "BMSLocationFinder-Bridging-Header.h"; sourceTree = "<group>"; };
		84B119391AD19EE700CE1A73 /* CoreDataManager.swift */ = {isa = PBXFileReference; fileEncoding = 4; lastKnownFileType = sourcecode.swift; name = CoreDataManager.swift; path = "Model Classes/CoreDataManager.swift"; sourceTree = "<group>"; };
		84B1193A1AD19EE700CE1A73 /* DataModel.swift */ = {isa = PBXFileReference; fileEncoding = 4; lastKnownFileType = sourcecode.swift; name = DataModel.swift; path = "Model Classes/DataModel.swift"; sourceTree = "<group>"; };
		84B1193B1AD19EE700CE1A73 /* FavoritePlace.h */ = {isa = PBXFileReference; fileEncoding = 4; lastKnownFileType = sourcecode.c.h; name = FavoritePlace.h; path = "Model Classes/FavoritePlace.h"; sourceTree = "<group>"; };
		84B1193C1AD19EE700CE1A73 /* FavoritePlace.m */ = {isa = PBXFileReference; fileEncoding = 4; lastKnownFileType = sourcecode.c.objc; name = FavoritePlace.m; path = "Model Classes/FavoritePlace.m"; sourceTree = "<group>"; };
		84B1193D1AD19EE700CE1A73 /* Place.swift */ = {isa = PBXFileReference; fileEncoding = 4; lastKnownFileType = sourcecode.swift; name = Place.swift; path = "Model Classes/Place.swift"; sourceTree = "<group>"; };
		84B119451AD19F0C00CE1A73 /* ImageDownloader.swift */ = {isa = PBXFileReference; fileEncoding = 4; lastKnownFileType = sourcecode.swift; name = ImageDownloader.swift; path = "Network Handler/ImageDownloader.swift"; sourceTree = "<group>"; };
		84B119461AD19F0C00CE1A73 /* NetworkManager.swift */ = {isa = PBXFileReference; fileEncoding = 4; lastKnownFileType = sourcecode.swift; name = NetworkManager.swift; path = "Network Handler/NetworkManager.swift"; sourceTree = "<group>"; };
		84B119471AD19F0C00CE1A73 /* Paginator.swift */ = {isa = PBXFileReference; fileEncoding = 4; lastKnownFileType = sourcecode.swift; name = Paginator.swift; path = "Network Handler/Paginator.swift"; sourceTree = "<group>"; };
		84B1194B1AD19F1F00CE1A73 /* ListCell.swift */ = {isa = PBXFileReference; fileEncoding = 4; lastKnownFileType = sourcecode.swift; name = ListCell.swift; path = "View Classes/ListCell.swift"; sourceTree = "<group>"; };
		84B1194C1AD19F1F00CE1A73 /* SlideMenuCell.swift */ = {isa = PBXFileReference; fileEncoding = 4; lastKnownFileType = sourcecode.swift; name = SlideMenuCell.swift; path = "View Classes/SlideMenuCell.swift"; sourceTree = "<group>"; };
		84B1194D1AD19F1F00CE1A73 /* SlideMenuCell.xib */ = {isa = PBXFileReference; fileEncoding = 4; lastKnownFileType = file.xib; name = SlideMenuCell.xib; path = "View Classes/SlideMenuCell.xib"; sourceTree = "<group>"; };
		84B119511AD19F3800CE1A73 /* BMSDetailViewController.swift */ = {isa = PBXFileReference; fileEncoding = 4; lastKnownFileType = sourcecode.swift; name = BMSDetailViewController.swift; path = "Controller Classes/BMSDetailViewController.swift"; sourceTree = "<group>"; };
		84B119521AD19F3800CE1A73 /* BMSListViewController.swift */ = {isa = PBXFileReference; fileEncoding = 4; lastKnownFileType = sourcecode.swift; name = BMSListViewController.swift; path = "Controller Classes/BMSListViewController.swift"; sourceTree = "<group>"; };
		84B119531AD19F3800CE1A73 /* BMSNavigationController.swift */ = {isa = PBXFileReference; fileEncoding = 4; lastKnownFileType = sourcecode.swift; name = BMSNavigationController.swift; path = "Controller Classes/BMSNavigationController.swift"; sourceTree = "<group>"; };
		84B119541AD19F3800CE1A73 /* BMSSlideMenuTableViewController.swift */ = {isa = PBXFileReference; fileEncoding = 4; lastKnownFileType = sourcecode.swift; name = BMSSlideMenuTableViewController.swift; path = "Controller Classes/BMSSlideMenuTableViewController.swift"; sourceTree = "<group>"; };
		84B119591AD19F5900CE1A73 /* favorite_selected.png */ = {isa = PBXFileReference; lastKnownFileType = image.png; name = favorite_selected.png; path = images/favorite_selected.png; sourceTree = "<group>"; };
		84B1195A1AD19F5900CE1A73 /* favorite_unselected.png */ = {isa = PBXFileReference; lastKnownFileType = image.png; name = favorite_unselected.png; path = images/favorite_unselected.png; sourceTree = "<group>"; };
		84B1195B1AD19F5900CE1A73 /* Hamburger Menu.png */ = {isa = PBXFileReference; lastKnownFileType = image.png; name = "Hamburger Menu.png"; path = "images/Hamburger Menu.png"; sourceTree = "<group>"; };
		84B1195D1AD19F5900CE1A73 /* No Result.png */ = {isa = PBXFileReference; lastKnownFileType = image.png; name = "No Result.png"; path = "images/No Result.png"; sourceTree = "<group>"; };
		84B119631AD19F9F00CE1A73 /* Main.storyboard */ = {isa = PBXFileReference; fileEncoding = 4; lastKnownFileType = file.storyboard; path = Main.storyboard; sourceTree = "<group>"; };
		84B119651AD19FC500CE1A73 /* ENSideMenu.swift */ = {isa = PBXFileReference; fileEncoding = 4; lastKnownFileType = sourcecode.swift; name = ENSideMenu.swift; path = Helper/ENSideMenu.swift; sourceTree = "<group>"; };
		84B119661AD19FC500CE1A73 /* ENSideMenuNavigationController.swift */ = {isa = PBXFileReference; fileEncoding = 4; lastKnownFileType = sourcecode.swift; name = ENSideMenuNavigationController.swift; path = Helper/ENSideMenuNavigationController.swift; sourceTree = "<group>"; };
		84B119671AD19FC500CE1A73 /* IJReachability.swift */ = {isa = PBXFileReference; fileEncoding = 4; lastKnownFileType = sourcecode.swift; name = IJReachability.swift; path = Helper/IJReachability.swift; sourceTree = "<group>"; };
		84B119691AD19FC500CE1A73 /* FrameView.swift */ = {isa = PBXFileReference; fileEncoding = 4; lastKnownFileType = sourcecode.swift; path = FrameView.swift; sourceTree = "<group>"; };
		84B1196A1AD19FC500CE1A73 /* HUDAssets.swift */ = {isa = PBXFileReference; fileEncoding = 4; lastKnownFileType = sourcecode.swift; path = HUDAssets.swift; sourceTree = "<group>"; };
		84B1196B1AD19FC500CE1A73 /* HUDContentView.swift */ = {isa = PBXFileReference; fileEncoding = 4; lastKnownFileType = sourcecode.swift; path = HUDContentView.swift; sourceTree = "<group>"; };
		84B1196C1AD19FC500CE1A73 /* HUDController.swift */ = {isa = PBXFileReference; fileEncoding = 4; lastKnownFileType = sourcecode.swift; path = HUDController.swift; sourceTree = "<group>"; };
		84B1196D1AD19FC500CE1A73 /* Images.xcassets */ = {isa = PBXFileReference; lastKnownFileType = folder.assetcatalog; path = Images.xcassets; sourceTree = "<group>"; };
		84B1196E1AD19FC500CE1A73 /* Info.plist */ = {isa = PBXFileReference; fileEncoding = 4; lastKnownFileType = text.plist.xml; path = Info.plist; sourceTree = "<group>"; };
		84B1196F1AD19FC500CE1A73 /* PKHUD.h */ = {isa = PBXFileReference; fileEncoding = 4; lastKnownFileType = sourcecode.c.h; path = PKHUD.h; sourceTree = "<group>"; };
		84B119701AD19FC500CE1A73 /* Window.swift */ = {isa = PBXFileReference; fileEncoding = 4; lastKnownFileType = sourcecode.swift; path = Window.swift; sourceTree = "<group>"; };
		84B119711AD19FC500CE1A73 /* WindowRootViewController.swift */ = {isa = PBXFileReference; fileEncoding = 4; lastKnownFileType = sourcecode.swift; path = WindowRootViewController.swift; sourceTree = "<group>"; };
		84B1197D1AD19FEA00CE1A73 /* BMSConstant.swift */ = {isa = PBXFileReference; fileEncoding = 4; lastKnownFileType = sourcecode.swift; name = BMSConstant.swift; path = Utility/BMSConstant.swift; sourceTree = "<group>"; };
		84B1197E1AD19FEA00CE1A73 /* BMSUtil.swift */ = {isa = PBXFileReference; fileEncoding = 4; lastKnownFileType = sourcecode.swift; name = BMSUtil.swift; path = Utility/BMSUtil.swift; sourceTree = "<group>"; };
		84B119821AD1A07D00CE1A73 /* BMSLocationFinder.xcdatamodel */ = {isa = PBXFileReference; lastKnownFileType = wrapper.xcdatamodel; path = BMSLocationFinder.xcdatamodel; sourceTree = "<group>"; };
/* End PBXFileReference section */

/* Begin PBXFrameworksBuildPhase section */
		848AC6C71ACE694500054FA3 /* Frameworks */ = {
			isa = PBXFrameworksBuildPhase;
			buildActionMask = 2147483647;
			files = (
				8445A29B1ACE9A4C00FF481C /* MapKit.framework in Frameworks */,
				8445A2991ACE9A4500FF481C /* CoreLocation.framework in Frameworks */,
			);
			runOnlyForDeploymentPostprocessing = 0;
		};
		848AC6DF1ACE694500054FA3 /* Frameworks */ = {
			isa = PBXFrameworksBuildPhase;
			buildActionMask = 2147483647;
			files = (
			);
			runOnlyForDeploymentPostprocessing = 0;
		};
/* End PBXFrameworksBuildPhase section */

/* Begin PBXGroup section */
		8445A2951ACE8D5D00FF481C /* Networking */ = {
			isa = PBXGroup;
			children = (
				84B119451AD19F0C00CE1A73 /* ImageDownloader.swift */,
				84B119461AD19F0C00CE1A73 /* NetworkManager.swift */,
				84B119471AD19F0C00CE1A73 /* Paginator.swift */,
			);
			name = Networking;
			sourceTree = "<group>";
		};
		8445A29C1ACE9A5A00FF481C /* Frameworks */ = {
			isa = PBXGroup;
			children = (
				8445A29A1ACE9A4C00FF481C /* MapKit.framework */,
				8445A2981ACE9A4500FF481C /* CoreLocation.framework */,
			);
			name = Frameworks;
			sourceTree = "<group>";
		};
		8445A29D1ACE9CC000FF481C /* Helper */ = {
			isa = PBXGroup;
			children = (
				84B119651AD19FC500CE1A73 /* ENSideMenu.swift */,
				84B119661AD19FC500CE1A73 /* ENSideMenuNavigationController.swift */,
				84B119671AD19FC500CE1A73 /* IJReachability.swift */,
				84B119681AD19FC500CE1A73 /* PKHUD */,
			);
			name = Helper;
			sourceTree = "<group>";
		};
		848AC6C11ACE694500054FA3 = {
			isa = PBXGroup;
			children = (
				848AC6CC1ACE694500054FA3 /* BMSLocationFinder */,
				848AC6E51ACE694500054FA3 /* BMSLocationFinderTests */,
				848AC6CB1ACE694500054FA3 /* Products */,
			);
			sourceTree = "<group>";
		};
		848AC6CB1ACE694500054FA3 /* Products */ = {
			isa = PBXGroup;
			children = (
				848AC6CA1ACE694500054FA3 /* BMSLocationFinder.app */,
				848AC6E21ACE694500054FA3 /* BMSLocationFinderTests.xctest */,
			);
			name = Products;
			sourceTree = "<group>";
		};
		848AC6CC1ACE694500054FA3 /* BMSLocationFinder */ = {
			isa = PBXGroup;
			children = (
				8445A29D1ACE9CC000FF481C /* Helper */,
				84CAB5711AD014B5000C438B /* BMSUtility Classes */,
				848AC6FA1ACE718000054FA3 /* Resources */,
				848AC6F91ACE717800054FA3 /* Controller */,
				848AC6F81ACE716800054FA3 /* Views */,
				8445A2951ACE8D5D00FF481C /* Networking */,
				848AC6F71ACE715E00054FA3 /* Model */,
				848AC6D91ACE694500054FA3 /* Images.xcassets */,
				8445A29C1ACE9A5A00FF481C /* Frameworks */,
				848AC6CD1ACE694500054FA3 /* Supporting Files */,
			);
			path = BMSLocationFinder;
			sourceTree = "<group>";
		};
		848AC6CD1ACE694500054FA3 /* Supporting Files */ = {
			isa = PBXGroup;
			children = (
				848AC6CE1ACE694500054FA3 /* Info.plist */,
			);
			name = "Supporting Files";
			sourceTree = "<group>";
		};
		848AC6E51ACE694500054FA3 /* BMSLocationFinderTests */ = {
			isa = PBXGroup;
			children = (
				848AC6E81ACE694500054FA3 /* BMSLocationFinderTests.swift */,
				848AC6E61ACE694500054FA3 /* Supporting Files */,
			);
			path = BMSLocationFinderTests;
			sourceTree = "<group>";
		};
		848AC6E61ACE694500054FA3 /* Supporting Files */ = {
			isa = PBXGroup;
			children = (
				848AC6E71ACE694500054FA3 /* Info.plist */,
			);
			name = "Supporting Files";
			sourceTree = "<group>";
		};
		848AC6F71ACE715E00054FA3 /* Model */ = {
			isa = PBXGroup;
			children = (
				84B119391AD19EE700CE1A73 /* CoreDataManager.swift */,
				84B1193A1AD19EE700CE1A73 /* DataModel.swift */,
				84B1193B1AD19EE700CE1A73 /* FavoritePlace.h */,
				84B1193C1AD19EE700CE1A73 /* FavoritePlace.m */,
				84B1193D1AD19EE700CE1A73 /* Place.swift */,
				8496D4ED1ACFDA4500A347FA /* CoreData Files */,
			);
			name = Model;
			sourceTree = "<group>";
		};
		848AC6F81ACE716800054FA3 /* Views */ = {
			isa = PBXGroup;
			children = (
				84B1194B1AD19F1F00CE1A73 /* ListCell.swift */,
				84B1194C1AD19F1F00CE1A73 /* SlideMenuCell.swift */,
				84B1194D1AD19F1F00CE1A73 /* SlideMenuCell.xib */,
			);
			name = Views;
			sourceTree = "<group>";
		};
		848AC6F91ACE717800054FA3 /* Controller */ = {
			isa = PBXGroup;
			children = (
				84B119511AD19F3800CE1A73 /* BMSDetailViewController.swift */,
				84B119521AD19F3800CE1A73 /* BMSListViewController.swift */,
				848AC6FB1ACE71EB00054FA3 /* Navigation */,
			);
			name = Controller;
			sourceTree = "<group>";
		};
		848AC6FA1ACE718000054FA3 /* Resources */ = {
			isa = PBXGroup;
			children = (
				848AC6CF1ACE694500054FA3 /* AppDelegate.swift */,
				848AC6DB1ACE694500054FA3 /* LaunchScreen.xib */,
				84B119631AD19F9F00CE1A73 /* Main.storyboard */,
				8496D5061AD00E9C00A347FA /* Images */,
			);
			name = Resources;
			sourceTree = "<group>";
		};
		848AC6FB1ACE71EB00054FA3 /* Navigation */ = {
			isa = PBXGroup;
			children = (
				84B119531AD19F3800CE1A73 /* BMSNavigationController.swift */,
				84B119541AD19F3800CE1A73 /* BMSSlideMenuTableViewController.swift */,
			);
			name = Navigation;
			sourceTree = "<group>";
		};
		8496D4ED1ACFDA4500A347FA /* CoreData Files */ = {
			isa = PBXGroup;
			children = (
				84B119811AD1A07D00CE1A73 /* BMSLocationFinder.xcdatamodeld */,
				8496D4FF1ACFEDBD00A347FA /* BMSLocationFinder-Bridging-Header.h */,
			);
			name = "CoreData Files";
			sourceTree = "<group>";
		};
		8496D5061AD00E9C00A347FA /* Images */ = {
			isa = PBXGroup;
			children = (
				84B119591AD19F5900CE1A73 /* favorite_selected.png */,
				84B1195A1AD19F5900CE1A73 /* favorite_unselected.png */,
				84B1195B1AD19F5900CE1A73 /* Hamburger Menu.png */,
				84B1195D1AD19F5900CE1A73 /* No Result.png */,
			);
			name = Images;
			sourceTree = "<group>";
		};
		84B119681AD19FC500CE1A73 /* PKHUD */ = {
			isa = PBXGroup;
			children = (
				84B119691AD19FC500CE1A73 /* FrameView.swift */,
				84B1196A1AD19FC500CE1A73 /* HUDAssets.swift */,
				84B1196B1AD19FC500CE1A73 /* HUDContentView.swift */,
				84B1196C1AD19FC500CE1A73 /* HUDController.swift */,
				84B1196D1AD19FC500CE1A73 /* Images.xcassets */,
				84B1196E1AD19FC500CE1A73 /* Info.plist */,
				84B1196F1AD19FC500CE1A73 /* PKHUD.h */,
				84B119701AD19FC500CE1A73 /* Window.swift */,
				84B119711AD19FC500CE1A73 /* WindowRootViewController.swift */,
			);
			name = PKHUD;
			path = Helper/PKHUD;
			sourceTree = "<group>";
		};
		84CAB5711AD014B5000C438B /* BMSUtility Classes */ = {
			isa = PBXGroup;
			children = (
				84B1197D1AD19FEA00CE1A73 /* BMSConstant.swift */,
				84B1197E1AD19FEA00CE1A73 /* BMSUtil.swift */,
			);
			name = "BMSUtility Classes";
			sourceTree = "<group>";
		};
/* End PBXGroup section */

/* Begin PBXNativeTarget section */
		848AC6C91ACE694500054FA3 /* BMSLocationFinder */ = {
			isa = PBXNativeTarget;
			buildConfigurationList = 848AC6EC1ACE694500054FA3 /* Build configuration list for PBXNativeTarget "BMSLocationFinder" */;
			buildPhases = (
				848AC6C61ACE694500054FA3 /* Sources */,
				848AC6C71ACE694500054FA3 /* Frameworks */,
				848AC6C81ACE694500054FA3 /* Resources */,
			);
			buildRules = (
			);
			dependencies = (
			);
			name = BMSLocationFinder;
			productName = BMSLocationFinder;
			productReference = 848AC6CA1ACE694500054FA3 /* BMSLocationFinder.app */;
			productType = "com.apple.product-type.application";
		};
		848AC6E11ACE694500054FA3 /* BMSLocationFinderTests */ = {
			isa = PBXNativeTarget;
			buildConfigurationList = 848AC6EF1ACE694500054FA3 /* Build configuration list for PBXNativeTarget "BMSLocationFinderTests" */;
			buildPhases = (
				848AC6DE1ACE694500054FA3 /* Sources */,
				848AC6DF1ACE694500054FA3 /* Frameworks */,
				848AC6E01ACE694500054FA3 /* Resources */,
			);
			buildRules = (
			);
			dependencies = (
				848AC6E41ACE694500054FA3 /* PBXTargetDependency */,
			);
			name = BMSLocationFinderTests;
			productName = BMSLocationFinderTests;
			productReference = 848AC6E21ACE694500054FA3 /* BMSLocationFinderTests.xctest */;
			productType = "com.apple.product-type.bundle.unit-test";
		};
/* End PBXNativeTarget section */

/* Begin PBXProject section */
		848AC6C21ACE694500054FA3 /* Project object */ = {
			isa = PBXProject;
			attributes = {
				LastUpgradeCheck = 0620;
				ORGANIZATIONNAME = Ashutosh;
				TargetAttributes = {
					848AC6C91ACE694500054FA3 = {
						CreatedOnToolsVersion = 6.2;
					};
					848AC6E11ACE694500054FA3 = {
						CreatedOnToolsVersion = 6.2;
						TestTargetID = 848AC6C91ACE694500054FA3;
					};
				};
			};
			buildConfigurationList = 848AC6C51ACE694500054FA3 /* Build configuration list for PBXProject "BMSLocationFinder" */;
			compatibilityVersion = "Xcode 3.2";
			developmentRegion = English;
			hasScannedForEncodings = 0;
			knownRegions = (
				en,
				Base,
			);
			mainGroup = 848AC6C11ACE694500054FA3;
			productRefGroup = 848AC6CB1ACE694500054FA3 /* Products */;
			projectDirPath = "";
			projectRoot = "";
			targets = (
				848AC6C91ACE694500054FA3 /* BMSLocationFinder */,
				848AC6E11ACE694500054FA3 /* BMSLocationFinderTests */,
			);
		};
/* End PBXProject section */

/* Begin PBXResourcesBuildPhase section */
		848AC6C81ACE694500054FA3 /* Resources */ = {
			isa = PBXResourcesBuildPhase;
			buildActionMask = 2147483647;
			files = (
				84B119641AD19F9F00CE1A73 /* Main.storyboard in Resources */,
				84B119601AD19F5900CE1A73 /* Hamburger Menu.png in Resources */,
				84B119791AD19FC500CE1A73 /* Images.xcassets in Resources */,
				84B1195E1AD19F5900CE1A73 /* favorite_selected.png in Resources */,
				84B1195F1AD19F5900CE1A73 /* favorite_unselected.png in Resources */,
				84B119501AD19F1F00CE1A73 /* SlideMenuCell.xib in Resources */,
				84B1197A1AD19FC500CE1A73 /* Info.plist in Resources */,
				848AC6DD1ACE694500054FA3 /* LaunchScreen.xib in Resources */,
				84B119621AD19F5900CE1A73 /* No Result.png in Resources */,
				848AC6DA1ACE694500054FA3 /* Images.xcassets in Resources */,
			);
			runOnlyForDeploymentPostprocessing = 0;
		};
		848AC6E01ACE694500054FA3 /* Resources */ = {
			isa = PBXResourcesBuildPhase;
			buildActionMask = 2147483647;
			files = (
			);
			runOnlyForDeploymentPostprocessing = 0;
		};
/* End PBXResourcesBuildPhase section */

/* Begin PBXSourcesBuildPhase section */
		848AC6C61ACE694500054FA3 /* Sources */ = {
			isa = PBXSourcesBuildPhase;
			buildActionMask = 2147483647;
			files = (
				84B119801AD19FEA00CE1A73 /* BMSUtil.swift in Sources */,
				84B1197B1AD19FC500CE1A73 /* Window.swift in Sources */,
				84B1194F1AD19F1F00CE1A73 /* SlideMenuCell.swift in Sources */,
				84B1194E1AD19F1F00CE1A73 /* ListCell.swift in Sources */,
				84B1193E1AD19EE700CE1A73 /* CoreDataManager.swift in Sources */,
				84B1197F1AD19FEA00CE1A73 /* BMSConstant.swift in Sources */,
				84B119781AD19FC500CE1A73 /* HUDController.swift in Sources */,
				84B119831AD1A07D00CE1A73 /* BMSLocationFinder.xcdatamodeld in Sources */,
				84B119411AD19EE700CE1A73 /* Place.swift in Sources */,
				84B119581AD19F3800CE1A73 /* BMSSlideMenuTableViewController.swift in Sources */,
				848AC6D01ACE694500054FA3 /* AppDelegate.swift in Sources */,
				84B119721AD19FC500CE1A73 /* ENSideMenu.swift in Sources */,
				84B1197C1AD19FC500CE1A73 /* WindowRootViewController.swift in Sources */,
				84B119771AD19FC500CE1A73 /* HUDContentView.swift in Sources */,
				84B119731AD19FC500CE1A73 /* ENSideMenuNavigationController.swift in Sources */,
				84B1194A1AD19F0C00CE1A73 /* Paginator.swift in Sources */,
				84B119571AD19F3800CE1A73 /* BMSNavigationController.swift in Sources */,
				84B119551AD19F3800CE1A73 /* BMSDetailViewController.swift in Sources */,
				84B119761AD19FC500CE1A73 /* HUDAssets.swift in Sources */,
				84B119561AD19F3800CE1A73 /* BMSListViewController.swift in Sources */,
				84B119741AD19FC500CE1A73 /* IJReachability.swift in Sources */,
				84B119481AD19F0C00CE1A73 /* ImageDownloader.swift in Sources */,
				84B119491AD19F0C00CE1A73 /* NetworkManager.swift in Sources */,
				84B119401AD19EE700CE1A73 /* FavoritePlace.m in Sources */,
				84B1193F1AD19EE700CE1A73 /* DataModel.swift in Sources */,
				84B119751AD19FC500CE1A73 /* FrameView.swift in Sources */,
			);
			runOnlyForDeploymentPostprocessing = 0;
		};
		848AC6DE1ACE694500054FA3 /* Sources */ = {
			isa = PBXSourcesBuildPhase;
			buildActionMask = 2147483647;
			files = (
				848AC6E91ACE694500054FA3 /* BMSLocationFinderTests.swift in Sources */,
			);
			runOnlyForDeploymentPostprocessing = 0;
		};
/* End PBXSourcesBuildPhase section */

/* Begin PBXTargetDependency section */
		848AC6E41ACE694500054FA3 /* PBXTargetDependency */ = {
			isa = PBXTargetDependency;
			target = 848AC6C91ACE694500054FA3 /* BMSLocationFinder */;
			targetProxy = 848AC6E31ACE694500054FA3 /* PBXContainerItemProxy */;
		};
/* End PBXTargetDependency section */

/* Begin PBXVariantGroup section */
		848AC6DB1ACE694500054FA3 /* LaunchScreen.xib */ = {
			isa = PBXVariantGroup;
			children = (
				848AC6DC1ACE694500054FA3 /* Base */,
			);
			name = LaunchScreen.xib;
			sourceTree = "<group>";
		};
/* End PBXVariantGroup section */

/* Begin XCBuildConfiguration section */
		848AC6EA1ACE694500054FA3 /* Debug */ = {
			isa = XCBuildConfiguration;
			buildSettings = {
				ALWAYS_SEARCH_USER_PATHS = NO;
				CLANG_CXX_LANGUAGE_STANDARD = "gnu++0x";
				CLANG_CXX_LIBRARY = "libc++";
				CLANG_ENABLE_MODULES = YES;
				CLANG_ENABLE_OBJC_ARC = YES;
				CLANG_WARN_BOOL_CONVERSION = YES;
				CLANG_WARN_CONSTANT_CONVERSION = YES;
				CLANG_WARN_DIRECT_OBJC_ISA_USAGE = YES_ERROR;
				CLANG_WARN_EMPTY_BODY = YES;
				CLANG_WARN_ENUM_CONVERSION = YES;
				CLANG_WARN_INT_CONVERSION = YES;
				CLANG_WARN_OBJC_ROOT_CLASS = YES_ERROR;
				CLANG_WARN_UNREACHABLE_CODE = YES;
				CLANG_WARN__DUPLICATE_METHOD_MATCH = YES;
				"CODE_SIGN_IDENTITY[sdk=iphoneos*]" = "iPhone Developer";
				COPY_PHASE_STRIP = NO;
				ENABLE_STRICT_OBJC_MSGSEND = YES;
				GCC_C_LANGUAGE_STANDARD = gnu99;
				GCC_DYNAMIC_NO_PIC = NO;
				GCC_OPTIMIZATION_LEVEL = 0;
				GCC_PREPROCESSOR_DEFINITIONS = (
					"DEBUG=1",
					"$(inherited)",
				);
				GCC_SYMBOLS_PRIVATE_EXTERN = NO;
				GCC_WARN_64_TO_32_BIT_CONVERSION = YES;
				GCC_WARN_ABOUT_RETURN_TYPE = YES_ERROR;
				GCC_WARN_UNDECLARED_SELECTOR = YES;
				GCC_WARN_UNINITIALIZED_AUTOS = YES_AGGRESSIVE;
				GCC_WARN_UNUSED_FUNCTION = YES;
				GCC_WARN_UNUSED_VARIABLE = YES;
				IPHONEOS_DEPLOYMENT_TARGET = 8.2;
				MTL_ENABLE_DEBUG_INFO = YES;
				ONLY_ACTIVE_ARCH = YES;
				SDKROOT = iphoneos;
				SWIFT_OPTIMIZATION_LEVEL = "-Onone";
				TARGETED_DEVICE_FAMILY = "1,2";
			};
			name = Debug;
		};
		848AC6EB1ACE694500054FA3 /* Release */ = {
			isa = XCBuildConfiguration;
			buildSettings = {
				ALWAYS_SEARCH_USER_PATHS = NO;
				CLANG_CXX_LANGUAGE_STANDARD = "gnu++0x";
				CLANG_CXX_LIBRARY = "libc++";
				CLANG_ENABLE_MODULES = YES;
				CLANG_ENABLE_OBJC_ARC = YES;
				CLANG_WARN_BOOL_CONVERSION = YES;
				CLANG_WARN_CONSTANT_CONVERSION = YES;
				CLANG_WARN_DIRECT_OBJC_ISA_USAGE = YES_ERROR;
				CLANG_WARN_EMPTY_BODY = YES;
				CLANG_WARN_ENUM_CONVERSION = YES;
				CLANG_WARN_INT_CONVERSION = YES;
				CLANG_WARN_OBJC_ROOT_CLASS = YES_ERROR;
				CLANG_WARN_UNREACHABLE_CODE = YES;
				CLANG_WARN__DUPLICATE_METHOD_MATCH = YES;
				"CODE_SIGN_IDENTITY[sdk=iphoneos*]" = "iPhone Developer";
				COPY_PHASE_STRIP = NO;
				ENABLE_NS_ASSERTIONS = NO;
				ENABLE_STRICT_OBJC_MSGSEND = YES;
				GCC_C_LANGUAGE_STANDARD = gnu99;
				GCC_WARN_64_TO_32_BIT_CONVERSION = YES;
				GCC_WARN_ABOUT_RETURN_TYPE = YES_ERROR;
				GCC_WARN_UNDECLARED_SELECTOR = YES;
				GCC_WARN_UNINITIALIZED_AUTOS = YES_AGGRESSIVE;
				GCC_WARN_UNUSED_FUNCTION = YES;
				GCC_WARN_UNUSED_VARIABLE = YES;
				IPHONEOS_DEPLOYMENT_TARGET = 8.2;
				MTL_ENABLE_DEBUG_INFO = NO;
				SDKROOT = iphoneos;
				TARGETED_DEVICE_FAMILY = "1,2";
				VALIDATE_PRODUCT = YES;
			};
			name = Release;
		};
		848AC6ED1ACE694500054FA3 /* Debug */ = {
			isa = XCBuildConfiguration;
			buildSettings = {
				ASSETCATALOG_COMPILER_APPICON_NAME = AppIcon;
				CLANG_ENABLE_MODULES = YES;
				CODE_SIGN_IDENTITY = "iPhone Developer";
				INFOPLIST_FILE = BMSLocationFinder/Info.plist;
				IPHONEOS_DEPLOYMENT_TARGET = 7.0;
				LD_RUNPATH_SEARCH_PATHS = "$(inherited) @executable_path/Frameworks";
				PRODUCT_NAME = "$(TARGET_NAME)";
				SWIFT_OBJC_BRIDGING_HEADER = "BMSLocationFinder/BMSLocationFinder-Bridging-Header.h";
				SWIFT_OPTIMIZATION_LEVEL = "-Onone";
			};
			name = Debug;
		};
		848AC6EE1ACE694500054FA3 /* Release */ = {
			isa = XCBuildConfiguration;
			buildSettings = {
				ASSETCATALOG_COMPILER_APPICON_NAME = AppIcon;
				CLANG_ENABLE_MODULES = YES;
				CODE_SIGN_IDENTITY = "iPhone Developer";
				INFOPLIST_FILE = BMSLocationFinder/Info.plist;
				IPHONEOS_DEPLOYMENT_TARGET = 7.0;
				LD_RUNPATH_SEARCH_PATHS = "$(inherited) @executable_path/Frameworks";
				PRODUCT_NAME = "$(TARGET_NAME)";
				SWIFT_OBJC_BRIDGING_HEADER = "BMSLocationFinder/BMSLocationFinder-Bridging-Header.h";
			};
			name = Release;
		};
		848AC6F01ACE694500054FA3 /* Debug */ = {
			isa = XCBuildConfiguration;
			buildSettings = {
				BUNDLE_LOADER = "$(TEST_HOST)";
				FRAMEWORK_SEARCH_PATHS = (
					"$(SDKROOT)/Developer/Library/Frameworks",
					"$(inherited)",
				);
				GCC_PREPROCESSOR_DEFINITIONS = (
					"DEBUG=1",
					"$(inherited)",
				);
				INFOPLIST_FILE = BMSLocationFinderTests/Info.plist;
				LD_RUNPATH_SEARCH_PATHS = "$(inherited) @executable_path/Frameworks @loader_path/Frameworks";
				PRODUCT_NAME = "$(TARGET_NAME)";
				TEST_HOST = "$(BUILT_PRODUCTS_DIR)/BMSLocationFinder.app/BMSLocationFinder";
			};
			name = Debug;
		};
		848AC6F11ACE694500054FA3 /* Release */ = {
			isa = XCBuildConfiguration;
			buildSettings = {
				BUNDLE_LOADER = "$(TEST_HOST)";
				FRAMEWORK_SEARCH_PATHS = (
					"$(SDKROOT)/Developer/Library/Frameworks",
					"$(inherited)",
				);
				INFOPLIST_FILE = BMSLocationFinderTests/Info.plist;
				LD_RUNPATH_SEARCH_PATHS = "$(inherited) @executable_path/Frameworks @loader_path/Frameworks";
				PRODUCT_NAME = "$(TARGET_NAME)";
				TEST_HOST = "$(BUILT_PRODUCTS_DIR)/BMSLocationFinder.app/BMSLocationFinder";
			};
			name = Release;
		};
/* End XCBuildConfiguration section */

/* Begin XCConfigurationList section */
		848AC6C51ACE694500054FA3 /* Build configuration list for PBXProject "BMSLocationFinder" */ = {
			isa = XCConfigurationList;
			buildConfigurations = (
				848AC6EA1ACE694500054FA3 /* Debug */,
				848AC6EB1ACE694500054FA3 /* Release */,
			);
			defaultConfigurationIsVisible = 0;
			defaultConfigurationName = Release;
		};
		848AC6EC1ACE694500054FA3 /* Build configuration list for PBXNativeTarget "BMSLocationFinder" */ = {
			isa = XCConfigurationList;
			buildConfigurations = (
				848AC6ED1ACE694500054FA3 /* Debug */,
				848AC6EE1ACE694500054FA3 /* Release */,
			);
			defaultConfigurationIsVisible = 0;
			defaultConfigurationName = Release;
		};
		848AC6EF1ACE694500054FA3 /* Build configuration list for PBXNativeTarget "BMSLocationFinderTests" */ = {
			isa = XCConfigurationList;
			buildConfigurations = (
				848AC6F01ACE694500054FA3 /* Debug */,
				848AC6F11ACE694500054FA3 /* Release */,
			);
			defaultConfigurationIsVisible = 0;
			defaultConfigurationName = Release;
		};
/* End XCConfigurationList section */

/* Begin XCVersionGroup section */
		84B119811AD1A07D00CE1A73 /* BMSLocationFinder.xcdatamodeld */ = {
			isa = XCVersionGroup;
			children = (
				84B119821AD1A07D00CE1A73 /* BMSLocationFinder.xcdatamodel */,
			);
			currentVersion = 84B119821AD1A07D00CE1A73 /* BMSLocationFinder.xcdatamodel */;
			name = BMSLocationFinder.xcdatamodeld;
			path = "Model Classes/BMSLocationFinder.xcdatamodeld";
			sourceTree = "<group>";
			versionGroupType = wrapper.xcdatamodel;
		};
/* End XCVersionGroup section */
	};
	rootObject = 848AC6C21ACE694500054FA3 /* Project object */;
}
